// !$*UTF8*$!
{
	archiveVersion = 1;
	classes = {
	};
	objectVersion = 50;
	objects = {

/* Begin PBXBuildFile section */
		2575A935A1DBCC1920C9CDFC /* Pods_Cartrack.framework in Frameworks */ = {isa = PBXBuildFile; fileRef = E4AE7461A7F67891CA6A3963 /* Pods_Cartrack.framework */; };
		393B7E242216FC70004B7DAD /* AppDelegate.swift in Sources */ = {isa = PBXBuildFile; fileRef = 393B7E232216FC70004B7DAD /* AppDelegate.swift */; };
		393B7E2E2216FC71004B7DAD /* Assets.xcassets in Resources */ = {isa = PBXBuildFile; fileRef = 393B7E2D2216FC71004B7DAD /* Assets.xcassets */; };
		393B7E3C2216FC71004B7DAD /* CartrackTests.swift in Sources */ = {isa = PBXBuildFile; fileRef = 393B7E3B2216FC71004B7DAD /* CartrackTests.swift */; };
		393B7E472216FC71004B7DAD /* CartrackUITests.swift in Sources */ = {isa = PBXBuildFile; fileRef = 393B7E462216FC71004B7DAD /* CartrackUITests.swift */; };
		393B7E612216FDC4004B7DAD /* Country+CoreDataClass.swift in Sources */ = {isa = PBXBuildFile; fileRef = 393B7E5D2216FDC4004B7DAD /* Country+CoreDataClass.swift */; };
		393B7E622216FDC4004B7DAD /* User+CoreDataProperties.swift in Sources */ = {isa = PBXBuildFile; fileRef = 393B7E5E2216FDC4004B7DAD /* User+CoreDataProperties.swift */; };
		393B7E632216FDC4004B7DAD /* User+CoreDataClass.swift in Sources */ = {isa = PBXBuildFile; fileRef = 393B7E5F2216FDC4004B7DAD /* User+CoreDataClass.swift */; };
		393B7E642216FDC4004B7DAD /* Country+CoreDataProperties.swift in Sources */ = {isa = PBXBuildFile; fileRef = 393B7E602216FDC4004B7DAD /* Country+CoreDataProperties.swift */; };
		393B7E6F2216FE42004B7DAD /* LaunchScreen.storyboard in Resources */ = {isa = PBXBuildFile; fileRef = 393B7E662216FE42004B7DAD /* LaunchScreen.storyboard */; };
		393B7E702216FE42004B7DAD /* Main.storyboard in Resources */ = {isa = PBXBuildFile; fileRef = 393B7E682216FE42004B7DAD /* Main.storyboard */; };
		393B7E712216FE42004B7DAD /* ViewController.swift in Sources */ = {isa = PBXBuildFile; fileRef = 393B7E6B2216FE42004B7DAD /* ViewController.swift */; };
		393B7E722216FE42004B7DAD /* Cartrack.xcdatamodeld in Sources */ = {isa = PBXBuildFile; fileRef = 393B7E6D2216FE42004B7DAD /* Cartrack.xcdatamodeld */; };
		393B7E752216FF43004B7DAD /* wallpaper@2x.png in Resources */ = {isa = PBXBuildFile; fileRef = 393B7E742216FF43004B7DAD /* wallpaper@2x.png */; };
		393B7E77221702E9004B7DAD /* LoginViewController.swift in Sources */ = {isa = PBXBuildFile; fileRef = 393B7E76221702E9004B7DAD /* LoginViewController.swift */; };
		393B7E7A22170D98004B7DAD /* PrimaryButton.swift in Sources */ = {isa = PBXBuildFile; fileRef = 393B7E7922170D98004B7DAD /* PrimaryButton.swift */; };
		393B7E7D221710E7004B7DAD /* ViewExtension.swift in Sources */ = {isa = PBXBuildFile; fileRef = 393B7E7C221710E7004B7DAD /* ViewExtension.swift */; };
		68048FF4BDE04EB4748C2EA0 /* Pods_CartrackTests.framework in Frameworks */ = {isa = PBXBuildFile; fileRef = AD44D2DFFCFCF4C47C259B3B /* Pods_CartrackTests.framework */; };
		C7D398D61572C38257A5ECED /* Pods_CartrackUITests.framework in Frameworks */ = {isa = PBXBuildFile; fileRef = 43685B1268E59694FC06AB77 /* Pods_CartrackUITests.framework */; };
/* End PBXBuildFile section */

/* Begin PBXContainerItemProxy section */
		393B7E382216FC71004B7DAD /* PBXContainerItemProxy */ = {
			isa = PBXContainerItemProxy;
			containerPortal = 393B7E182216FC70004B7DAD /* Project object */;
			proxyType = 1;
			remoteGlobalIDString = 393B7E1F2216FC70004B7DAD;
			remoteInfo = Cartrack;
		};
		393B7E432216FC71004B7DAD /* PBXContainerItemProxy */ = {
			isa = PBXContainerItemProxy;
			containerPortal = 393B7E182216FC70004B7DAD /* Project object */;
			proxyType = 1;
			remoteGlobalIDString = 393B7E1F2216FC70004B7DAD;
			remoteInfo = Cartrack;
		};
/* End PBXContainerItemProxy section */

/* Begin PBXFileReference section */
		393B7E202216FC70004B7DAD /* Cartrack.app */ = {isa = PBXFileReference; explicitFileType = wrapper.application; includeInIndex = 0; path = Cartrack.app; sourceTree = BUILT_PRODUCTS_DIR; };
		393B7E232216FC70004B7DAD /* AppDelegate.swift */ = {isa = PBXFileReference; lastKnownFileType = sourcecode.swift; path = AppDelegate.swift; sourceTree = "<group>"; };
		393B7E2D2216FC71004B7DAD /* Assets.xcassets */ = {isa = PBXFileReference; lastKnownFileType = folder.assetcatalog; path = Assets.xcassets; sourceTree = "<group>"; };
		393B7E322216FC71004B7DAD /* Info.plist */ = {isa = PBXFileReference; lastKnownFileType = text.plist.xml; path = Info.plist; sourceTree = "<group>"; };
		393B7E372216FC71004B7DAD /* CartrackTests.xctest */ = {isa = PBXFileReference; explicitFileType = wrapper.cfbundle; includeInIndex = 0; path = CartrackTests.xctest; sourceTree = BUILT_PRODUCTS_DIR; };
		393B7E3B2216FC71004B7DAD /* CartrackTests.swift */ = {isa = PBXFileReference; lastKnownFileType = sourcecode.swift; path = CartrackTests.swift; sourceTree = "<group>"; };
		393B7E3D2216FC71004B7DAD /* Info.plist */ = {isa = PBXFileReference; lastKnownFileType = text.plist.xml; path = Info.plist; sourceTree = "<group>"; };
		393B7E422216FC71004B7DAD /* CartrackUITests.xctest */ = {isa = PBXFileReference; explicitFileType = wrapper.cfbundle; includeInIndex = 0; path = CartrackUITests.xctest; sourceTree = BUILT_PRODUCTS_DIR; };
		393B7E462216FC71004B7DAD /* CartrackUITests.swift */ = {isa = PBXFileReference; lastKnownFileType = sourcecode.swift; path = CartrackUITests.swift; sourceTree = "<group>"; };
		393B7E482216FC71004B7DAD /* Info.plist */ = {isa = PBXFileReference; lastKnownFileType = text.plist.xml; path = Info.plist; sourceTree = "<group>"; };
		393B7E5D2216FDC4004B7DAD /* Country+CoreDataClass.swift */ = {isa = PBXFileReference; fileEncoding = 4; lastKnownFileType = sourcecode.swift; path = "Country+CoreDataClass.swift"; sourceTree = "<group>"; };
		393B7E5E2216FDC4004B7DAD /* User+CoreDataProperties.swift */ = {isa = PBXFileReference; fileEncoding = 4; lastKnownFileType = sourcecode.swift; path = "User+CoreDataProperties.swift"; sourceTree = "<group>"; };
		393B7E5F2216FDC4004B7DAD /* User+CoreDataClass.swift */ = {isa = PBXFileReference; fileEncoding = 4; lastKnownFileType = sourcecode.swift; path = "User+CoreDataClass.swift"; sourceTree = "<group>"; };
		393B7E602216FDC4004B7DAD /* Country+CoreDataProperties.swift */ = {isa = PBXFileReference; fileEncoding = 4; lastKnownFileType = sourcecode.swift; path = "Country+CoreDataProperties.swift"; sourceTree = "<group>"; };
		393B7E672216FE42004B7DAD /* Base */ = {isa = PBXFileReference; lastKnownFileType = file.storyboard; name = Base; path = Base.lproj/LaunchScreen.storyboard; sourceTree = "<group>"; };
		393B7E692216FE42004B7DAD /* Base */ = {isa = PBXFileReference; lastKnownFileType = file.storyboard; name = Base; path = Base.lproj/Main.storyboard; sourceTree = "<group>"; };
		393B7E6B2216FE42004B7DAD /* ViewController.swift */ = {isa = PBXFileReference; fileEncoding = 4; lastKnownFileType = sourcecode.swift; path = ViewController.swift; sourceTree = "<group>"; };
		393B7E6E2216FE42004B7DAD /* Cartrack.xcdatamodel */ = {isa = PBXFileReference; lastKnownFileType = wrapper.xcdatamodel; path = Cartrack.xcdatamodel; sourceTree = "<group>"; };
		393B7E742216FF43004B7DAD /* wallpaper@2x.png */ = {isa = PBXFileReference; lastKnownFileType = image.png; path = "wallpaper@2x.png"; sourceTree = "<group>"; };
		393B7E76221702E9004B7DAD /* LoginViewController.swift */ = {isa = PBXFileReference; lastKnownFileType = sourcecode.swift; path = LoginViewController.swift; sourceTree = "<group>"; };
		393B7E7922170D98004B7DAD /* PrimaryButton.swift */ = {isa = PBXFileReference; lastKnownFileType = sourcecode.swift; path = PrimaryButton.swift; sourceTree = "<group>"; };
		393B7E7C221710E7004B7DAD /* ViewExtension.swift */ = {isa = PBXFileReference; lastKnownFileType = sourcecode.swift; path = ViewExtension.swift; sourceTree = "<group>"; };
		3FADA0EB76EB6B2139AED66D /* Pods-CartrackTests.debug.xcconfig */ = {isa = PBXFileReference; includeInIndex = 1; lastKnownFileType = text.xcconfig; name = "Pods-CartrackTests.debug.xcconfig"; path = "Target Support Files/Pods-CartrackTests/Pods-CartrackTests.debug.xcconfig"; sourceTree = "<group>"; };
		43685B1268E59694FC06AB77 /* Pods_CartrackUITests.framework */ = {isa = PBXFileReference; explicitFileType = wrapper.framework; includeInIndex = 0; path = Pods_CartrackUITests.framework; sourceTree = BUILT_PRODUCTS_DIR; };
		6F75C70873A939E8AEB404E7 /* Pods-CartrackUITests.release.xcconfig */ = {isa = PBXFileReference; includeInIndex = 1; lastKnownFileType = text.xcconfig; name = "Pods-CartrackUITests.release.xcconfig"; path = "Target Support Files/Pods-CartrackUITests/Pods-CartrackUITests.release.xcconfig"; sourceTree = "<group>"; };
		79024C3BCE14EAC7C95D7BEC /* Pods-CartrackUITests.debug.xcconfig */ = {isa = PBXFileReference; includeInIndex = 1; lastKnownFileType = text.xcconfig; name = "Pods-CartrackUITests.debug.xcconfig"; path = "Target Support Files/Pods-CartrackUITests/Pods-CartrackUITests.debug.xcconfig"; sourceTree = "<group>"; };
		7E06DD521617244A5C52FD04 /* Pods-CartrackTests.release.xcconfig */ = {isa = PBXFileReference; includeInIndex = 1; lastKnownFileType = text.xcconfig; name = "Pods-CartrackTests.release.xcconfig"; path = "Target Support Files/Pods-CartrackTests/Pods-CartrackTests.release.xcconfig"; sourceTree = "<group>"; };
		A60EADEA7C46D66B212D36C1 /* Pods-Cartrack.debug.xcconfig */ = {isa = PBXFileReference; includeInIndex = 1; lastKnownFileType = text.xcconfig; name = "Pods-Cartrack.debug.xcconfig"; path = "Target Support Files/Pods-Cartrack/Pods-Cartrack.debug.xcconfig"; sourceTree = "<group>"; };
		AD44D2DFFCFCF4C47C259B3B /* Pods_CartrackTests.framework */ = {isa = PBXFileReference; explicitFileType = wrapper.framework; includeInIndex = 0; path = Pods_CartrackTests.framework; sourceTree = BUILT_PRODUCTS_DIR; };
		E4AE7461A7F67891CA6A3963 /* Pods_Cartrack.framework */ = {isa = PBXFileReference; explicitFileType = wrapper.framework; includeInIndex = 0; path = Pods_Cartrack.framework; sourceTree = BUILT_PRODUCTS_DIR; };
		FE88381487CFFC9323600F9F /* Pods-Cartrack.release.xcconfig */ = {isa = PBXFileReference; includeInIndex = 1; lastKnownFileType = text.xcconfig; name = "Pods-Cartrack.release.xcconfig"; path = "Target Support Files/Pods-Cartrack/Pods-Cartrack.release.xcconfig"; sourceTree = "<group>"; };
/* End PBXFileReference section */

/* Begin PBXFrameworksBuildPhase section */
		393B7E1D2216FC70004B7DAD /* Frameworks */ = {
			isa = PBXFrameworksBuildPhase;
			buildActionMask = 2147483647;
			files = (
				2575A935A1DBCC1920C9CDFC /* Pods_Cartrack.framework in Frameworks */,
			);
			runOnlyForDeploymentPostprocessing = 0;
		};
		393B7E342216FC71004B7DAD /* Frameworks */ = {
			isa = PBXFrameworksBuildPhase;
			buildActionMask = 2147483647;
			files = (
				68048FF4BDE04EB4748C2EA0 /* Pods_CartrackTests.framework in Frameworks */,
			);
			runOnlyForDeploymentPostprocessing = 0;
		};
		393B7E3F2216FC71004B7DAD /* Frameworks */ = {
			isa = PBXFrameworksBuildPhase;
			buildActionMask = 2147483647;
			files = (
				C7D398D61572C38257A5ECED /* Pods_CartrackUITests.framework in Frameworks */,
			);
			runOnlyForDeploymentPostprocessing = 0;
		};
/* End PBXFrameworksBuildPhase section */

/* Begin PBXGroup section */
		393B7E172216FC70004B7DAD = {
			isa = PBXGroup;
			children = (
				393B7E222216FC70004B7DAD /* Cartrack */,
				393B7E3A2216FC71004B7DAD /* CartrackTests */,
				393B7E452216FC71004B7DAD /* CartrackUITests */,
				393B7E212216FC70004B7DAD /* Products */,
				C1FA0EB25FA7A2919C87C5C3 /* Pods */,
				BF282475B38CABB2519A2250 /* Frameworks */,
			);
			sourceTree = "<group>";
		};
		393B7E212216FC70004B7DAD /* Products */ = {
			isa = PBXGroup;
			children = (
				393B7E202216FC70004B7DAD /* Cartrack.app */,
				393B7E372216FC71004B7DAD /* CartrackTests.xctest */,
				393B7E422216FC71004B7DAD /* CartrackUITests.xctest */,
			);
			name = Products;
			sourceTree = "<group>";
		};
		393B7E222216FC70004B7DAD /* Cartrack */ = {
			isa = PBXGroup;
			children = (
				393B7E7B221710D7004B7DAD /* Helper */,
				393B7E6C2216FE42004B7DAD /* Database */,
				393B7E652216FE42004B7DAD /* UI */,
				393B7E5C2216FDC4004B7DAD /* Model */,
				393B7E232216FC70004B7DAD /* AppDelegate.swift */,
				393B7E2D2216FC71004B7DAD /* Assets.xcassets */,
				393B7E322216FC71004B7DAD /* Info.plist */,
			);
			path = Cartrack;
			sourceTree = "<group>";
		};
		393B7E3A2216FC71004B7DAD /* CartrackTests */ = {
			isa = PBXGroup;
			children = (
				393B7E3B2216FC71004B7DAD /* CartrackTests.swift */,
				393B7E3D2216FC71004B7DAD /* Info.plist */,
			);
			path = CartrackTests;
			sourceTree = "<group>";
		};
		393B7E452216FC71004B7DAD /* CartrackUITests */ = {
			isa = PBXGroup;
			children = (
				393B7E462216FC71004B7DAD /* CartrackUITests.swift */,
				393B7E482216FC71004B7DAD /* Info.plist */,
			);
			path = CartrackUITests;
			sourceTree = "<group>";
		};
		393B7E5C2216FDC4004B7DAD /* Model */ = {
			isa = PBXGroup;
			children = (
				393B7E5D2216FDC4004B7DAD /* Country+CoreDataClass.swift */,
				393B7E5E2216FDC4004B7DAD /* User+CoreDataProperties.swift */,
				393B7E5F2216FDC4004B7DAD /* User+CoreDataClass.swift */,
				393B7E602216FDC4004B7DAD /* Country+CoreDataProperties.swift */,
			);
			path = Model;
			sourceTree = "<group>";
		};
		393B7E652216FE42004B7DAD /* UI */ = {
			isa = PBXGroup;
			children = (
				393B7E7822170D8E004B7DAD /* Button */,
				393B7E732216FF43004B7DAD /* Resources */,
				393B7E662216FE42004B7DAD /* LaunchScreen.storyboard */,
				393B7E682216FE42004B7DAD /* Main.storyboard */,
				393B7E6A2216FE42004B7DAD /* Controller */,
			);
			path = UI;
			sourceTree = "<group>";
		};
		393B7E6A2216FE42004B7DAD /* Controller */ = {
			isa = PBXGroup;
			children = (
				393B7E6B2216FE42004B7DAD /* ViewController.swift */,
				393B7E76221702E9004B7DAD /* LoginViewController.swift */,
			);
			path = Controller;
			sourceTree = "<group>";
		};
		393B7E6C2216FE42004B7DAD /* Database */ = {
			isa = PBXGroup;
			children = (
				393B7E6D2216FE42004B7DAD /* Cartrack.xcdatamodeld */,
			);
			path = Database;
			sourceTree = "<group>";
		};
		393B7E732216FF43004B7DAD /* Resources */ = {
			isa = PBXGroup;
			children = (
				393B7E742216FF43004B7DAD /* wallpaper@2x.png */,
			);
			path = Resources;
			sourceTree = "<group>";
		};
		393B7E7822170D8E004B7DAD /* Button */ = {
			isa = PBXGroup;
			children = (
				393B7E7922170D98004B7DAD /* PrimaryButton.swift */,
			);
			path = Button;
			sourceTree = "<group>";
		};
		393B7E7B221710D7004B7DAD /* Helper */ = {
			isa = PBXGroup;
			children = (
				393B7E7C221710E7004B7DAD /* ViewExtension.swift */,
			);
			path = Helper;
			sourceTree = "<group>";
		};
		BF282475B38CABB2519A2250 /* Frameworks */ = {
			isa = PBXGroup;
			children = (
				E4AE7461A7F67891CA6A3963 /* Pods_Cartrack.framework */,
				AD44D2DFFCFCF4C47C259B3B /* Pods_CartrackTests.framework */,
				43685B1268E59694FC06AB77 /* Pods_CartrackUITests.framework */,
			);
			name = Frameworks;
			sourceTree = "<group>";
		};
		C1FA0EB25FA7A2919C87C5C3 /* Pods */ = {
			isa = PBXGroup;
			children = (
				A60EADEA7C46D66B212D36C1 /* Pods-Cartrack.debug.xcconfig */,
				FE88381487CFFC9323600F9F /* Pods-Cartrack.release.xcconfig */,
				3FADA0EB76EB6B2139AED66D /* Pods-CartrackTests.debug.xcconfig */,
				7E06DD521617244A5C52FD04 /* Pods-CartrackTests.release.xcconfig */,
				79024C3BCE14EAC7C95D7BEC /* Pods-CartrackUITests.debug.xcconfig */,
				6F75C70873A939E8AEB404E7 /* Pods-CartrackUITests.release.xcconfig */,
			);
			name = Pods;
			path = Pods;
			sourceTree = "<group>";
		};
/* End PBXGroup section */

/* Begin PBXNativeTarget section */
		393B7E1F2216FC70004B7DAD /* Cartrack */ = {
			isa = PBXNativeTarget;
			buildConfigurationList = 393B7E4B2216FC71004B7DAD /* Build configuration list for PBXNativeTarget "Cartrack" */;
			buildPhases = (
				8EDF0DCDD5319F75CFC40447 /* [CP] Check Pods Manifest.lock */,
				393B7E1C2216FC70004B7DAD /* Sources */,
				393B7E1D2216FC70004B7DAD /* Frameworks */,
				393B7E1E2216FC70004B7DAD /* Resources */,
				B662D8F0682AE5747AE5CBEE /* [CP] Embed Pods Frameworks */,
			);
			buildRules = (
			);
			dependencies = (
			);
			name = Cartrack;
			productName = Cartrack;
			productReference = 393B7E202216FC70004B7DAD /* Cartrack.app */;
			productType = "com.apple.product-type.application";
		};
		393B7E362216FC71004B7DAD /* CartrackTests */ = {
			isa = PBXNativeTarget;
			buildConfigurationList = 393B7E4E2216FC71004B7DAD /* Build configuration list for PBXNativeTarget "CartrackTests" */;
			buildPhases = (
				9E132F17B0FC7D1A3F94114D /* [CP] Check Pods Manifest.lock */,
				393B7E332216FC71004B7DAD /* Sources */,
				393B7E342216FC71004B7DAD /* Frameworks */,
				393B7E352216FC71004B7DAD /* Resources */,
			);
			buildRules = (
			);
			dependencies = (
				393B7E392216FC71004B7DAD /* PBXTargetDependency */,
			);
			name = CartrackTests;
			productName = CartrackTests;
			productReference = 393B7E372216FC71004B7DAD /* CartrackTests.xctest */;
			productType = "com.apple.product-type.bundle.unit-test";
		};
		393B7E412216FC71004B7DAD /* CartrackUITests */ = {
			isa = PBXNativeTarget;
			buildConfigurationList = 393B7E512216FC71004B7DAD /* Build configuration list for PBXNativeTarget "CartrackUITests" */;
			buildPhases = (
				0FEA5BA59679CF3B7B249191 /* [CP] Check Pods Manifest.lock */,
				393B7E3E2216FC71004B7DAD /* Sources */,
				393B7E3F2216FC71004B7DAD /* Frameworks */,
				393B7E402216FC71004B7DAD /* Resources */,
			);
			buildRules = (
			);
			dependencies = (
				393B7E442216FC71004B7DAD /* PBXTargetDependency */,
			);
			name = CartrackUITests;
			productName = CartrackUITests;
			productReference = 393B7E422216FC71004B7DAD /* CartrackUITests.xctest */;
			productType = "com.apple.product-type.bundle.ui-testing";
		};
/* End PBXNativeTarget section */

/* Begin PBXProject section */
		393B7E182216FC70004B7DAD /* Project object */ = {
			isa = PBXProject;
			attributes = {
				LastSwiftUpdateCheck = 1010;
				LastUpgradeCheck = 1010;
				ORGANIZATIONNAME = "Aung Phyoe";
				TargetAttributes = {
					393B7E1F2216FC70004B7DAD = {
						CreatedOnToolsVersion = 10.1;
					};
					393B7E362216FC71004B7DAD = {
						CreatedOnToolsVersion = 10.1;
						TestTargetID = 393B7E1F2216FC70004B7DAD;
					};
					393B7E412216FC71004B7DAD = {
						CreatedOnToolsVersion = 10.1;
						TestTargetID = 393B7E1F2216FC70004B7DAD;
					};
				};
			};
			buildConfigurationList = 393B7E1B2216FC70004B7DAD /* Build configuration list for PBXProject "Cartrack" */;
			compatibilityVersion = "Xcode 9.3";
			developmentRegion = en;
			hasScannedForEncodings = 0;
			knownRegions = (
				en,
				Base,
			);
			mainGroup = 393B7E172216FC70004B7DAD;
			productRefGroup = 393B7E212216FC70004B7DAD /* Products */;
			projectDirPath = "";
			projectRoot = "";
			targets = (
				393B7E1F2216FC70004B7DAD /* Cartrack */,
				393B7E362216FC71004B7DAD /* CartrackTests */,
				393B7E412216FC71004B7DAD /* CartrackUITests */,
			);
		};
/* End PBXProject section */

/* Begin PBXResourcesBuildPhase section */
		393B7E1E2216FC70004B7DAD /* Resources */ = {
			isa = PBXResourcesBuildPhase;
			buildActionMask = 2147483647;
			files = (
				393B7E702216FE42004B7DAD /* Main.storyboard in Resources */,
				393B7E752216FF43004B7DAD /* wallpaper@2x.png in Resources */,
				393B7E2E2216FC71004B7DAD /* Assets.xcassets in Resources */,
				393B7E6F2216FE42004B7DAD /* LaunchScreen.storyboard in Resources */,
			);
			runOnlyForDeploymentPostprocessing = 0;
		};
		393B7E352216FC71004B7DAD /* Resources */ = {
			isa = PBXResourcesBuildPhase;
			buildActionMask = 2147483647;
			files = (
			);
			runOnlyForDeploymentPostprocessing = 0;
		};
		393B7E402216FC71004B7DAD /* Resources */ = {
			isa = PBXResourcesBuildPhase;
			buildActionMask = 2147483647;
			files = (
			);
			runOnlyForDeploymentPostprocessing = 0;
		};
/* End PBXResourcesBuildPhase section */

/* Begin PBXShellScriptBuildPhase section */
		0FEA5BA59679CF3B7B249191 /* [CP] Check Pods Manifest.lock */ = {
			isa = PBXShellScriptBuildPhase;
			buildActionMask = 2147483647;
			files = (
			);
			inputFileListPaths = (
			);
			inputPaths = (
				"${PODS_PODFILE_DIR_PATH}/Podfile.lock",
				"${PODS_ROOT}/Manifest.lock",
			);
			name = "[CP] Check Pods Manifest.lock";
			outputFileListPaths = (
			);
			outputPaths = (
				"$(DERIVED_FILE_DIR)/Pods-CartrackUITests-checkManifestLockResult.txt",
			);
			runOnlyForDeploymentPostprocessing = 0;
			shellPath = /bin/sh;
			shellScript = "diff \"${PODS_PODFILE_DIR_PATH}/Podfile.lock\" \"${PODS_ROOT}/Manifest.lock\" > /dev/null\nif [ $? != 0 ] ; then\n    # print error to STDERR\n    echo \"error: The sandbox is not in sync with the Podfile.lock. Run 'pod install' or update your CocoaPods installation.\" >&2\n    exit 1\nfi\n# This output is used by Xcode 'outputs' to avoid re-running this script phase.\necho \"SUCCESS\" > \"${SCRIPT_OUTPUT_FILE_0}\"\n";
			showEnvVarsInLog = 0;
		};
		8EDF0DCDD5319F75CFC40447 /* [CP] Check Pods Manifest.lock */ = {
			isa = PBXShellScriptBuildPhase;
			buildActionMask = 2147483647;
			files = (
			);
			inputFileListPaths = (
			);
			inputPaths = (
				"${PODS_PODFILE_DIR_PATH}/Podfile.lock",
				"${PODS_ROOT}/Manifest.lock",
			);
			name = "[CP] Check Pods Manifest.lock";
			outputFileListPaths = (
			);
			outputPaths = (
				"$(DERIVED_FILE_DIR)/Pods-Cartrack-checkManifestLockResult.txt",
			);
			runOnlyForDeploymentPostprocessing = 0;
			shellPath = /bin/sh;
			shellScript = "diff \"${PODS_PODFILE_DIR_PATH}/Podfile.lock\" \"${PODS_ROOT}/Manifest.lock\" > /dev/null\nif [ $? != 0 ] ; then\n    # print error to STDERR\n    echo \"error: The sandbox is not in sync with the Podfile.lock. Run 'pod install' or update your CocoaPods installation.\" >&2\n    exit 1\nfi\n# This output is used by Xcode 'outputs' to avoid re-running this script phase.\necho \"SUCCESS\" > \"${SCRIPT_OUTPUT_FILE_0}\"\n";
			showEnvVarsInLog = 0;
		};
		9E132F17B0FC7D1A3F94114D /* [CP] Check Pods Manifest.lock */ = {
			isa = PBXShellScriptBuildPhase;
			buildActionMask = 2147483647;
			files = (
			);
			inputFileListPaths = (
			);
			inputPaths = (
				"${PODS_PODFILE_DIR_PATH}/Podfile.lock",
				"${PODS_ROOT}/Manifest.lock",
			);
			name = "[CP] Check Pods Manifest.lock";
			outputFileListPaths = (
			);
			outputPaths = (
				"$(DERIVED_FILE_DIR)/Pods-CartrackTests-checkManifestLockResult.txt",
			);
			runOnlyForDeploymentPostprocessing = 0;
			shellPath = /bin/sh;
			shellScript = "diff \"${PODS_PODFILE_DIR_PATH}/Podfile.lock\" \"${PODS_ROOT}/Manifest.lock\" > /dev/null\nif [ $? != 0 ] ; then\n    # print error to STDERR\n    echo \"error: The sandbox is not in sync with the Podfile.lock. Run 'pod install' or update your CocoaPods installation.\" >&2\n    exit 1\nfi\n# This output is used by Xcode 'outputs' to avoid re-running this script phase.\necho \"SUCCESS\" > \"${SCRIPT_OUTPUT_FILE_0}\"\n";
			showEnvVarsInLog = 0;
		};
		B662D8F0682AE5747AE5CBEE /* [CP] Embed Pods Frameworks */ = {
			isa = PBXShellScriptBuildPhase;
			buildActionMask = 2147483647;
			files = (
			);
			inputFileListPaths = (
			);
			inputPaths = (
				"${PODS_ROOT}/Target Support Files/Pods-Cartrack/Pods-Cartrack-frameworks.sh",
				"${BUILT_PRODUCTS_DIR}/SnapKit/SnapKit.framework",
				"${BUILT_PRODUCTS_DIR}/UnderLineTextField/UnderLineTextField.framework",
			);
			name = "[CP] Embed Pods Frameworks";
			outputFileListPaths = (
			);
			outputPaths = (
				"${TARGET_BUILD_DIR}/${FRAMEWORKS_FOLDER_PATH}/SnapKit.framework",
				"${TARGET_BUILD_DIR}/${FRAMEWORKS_FOLDER_PATH}/UnderLineTextField.framework",
			);
			runOnlyForDeploymentPostprocessing = 0;
			shellPath = /bin/sh;
			shellScript = "\"${PODS_ROOT}/Target Support Files/Pods-Cartrack/Pods-Cartrack-frameworks.sh\"\n";
			showEnvVarsInLog = 0;
		};
/* End PBXShellScriptBuildPhase section */

/* Begin PBXSourcesBuildPhase section */
		393B7E1C2216FC70004B7DAD /* Sources */ = {
			isa = PBXSourcesBuildPhase;
			buildActionMask = 2147483647;
			files = (
				393B7E7A22170D98004B7DAD /* PrimaryButton.swift in Sources */,
				393B7E722216FE42004B7DAD /* Cartrack.xcdatamodeld in Sources */,
				393B7E712216FE42004B7DAD /* ViewController.swift in Sources */,
				393B7E242216FC70004B7DAD /* AppDelegate.swift in Sources */,
				393B7E7D221710E7004B7DAD /* ViewExtension.swift in Sources */,
				393B7E642216FDC4004B7DAD /* Country+CoreDataProperties.swift in Sources */,
				393B7E77221702E9004B7DAD /* LoginViewController.swift in Sources */,
				393B7E632216FDC4004B7DAD /* User+CoreDataClass.swift in Sources */,
				393B7E612216FDC4004B7DAD /* Country+CoreDataClass.swift in Sources */,
				393B7E622216FDC4004B7DAD /* User+CoreDataProperties.swift in Sources */,
			);
			runOnlyForDeploymentPostprocessing = 0;
		};
		393B7E332216FC71004B7DAD /* Sources */ = {
			isa = PBXSourcesBuildPhase;
			buildActionMask = 2147483647;
			files = (
				393B7E3C2216FC71004B7DAD /* CartrackTests.swift in Sources */,
			);
			runOnlyForDeploymentPostprocessing = 0;
		};
		393B7E3E2216FC71004B7DAD /* Sources */ = {
			isa = PBXSourcesBuildPhase;
			buildActionMask = 2147483647;
			files = (
				393B7E472216FC71004B7DAD /* CartrackUITests.swift in Sources */,
			);
			runOnlyForDeploymentPostprocessing = 0;
		};
/* End PBXSourcesBuildPhase section */

/* Begin PBXTargetDependency section */
		393B7E392216FC71004B7DAD /* PBXTargetDependency */ = {
			isa = PBXTargetDependency;
			target = 393B7E1F2216FC70004B7DAD /* Cartrack */;
			targetProxy = 393B7E382216FC71004B7DAD /* PBXContainerItemProxy */;
		};
		393B7E442216FC71004B7DAD /* PBXTargetDependency */ = {
			isa = PBXTargetDependency;
			target = 393B7E1F2216FC70004B7DAD /* Cartrack */;
			targetProxy = 393B7E432216FC71004B7DAD /* PBXContainerItemProxy */;
		};
/* End PBXTargetDependency section */

/* Begin PBXVariantGroup section */
		393B7E662216FE42004B7DAD /* LaunchScreen.storyboard */ = {
			isa = PBXVariantGroup;
			children = (
				393B7E672216FE42004B7DAD /* Base */,
			);
			name = LaunchScreen.storyboard;
			sourceTree = "<group>";
		};
		393B7E682216FE42004B7DAD /* Main.storyboard */ = {
			isa = PBXVariantGroup;
			children = (
				393B7E692216FE42004B7DAD /* Base */,
			);
			name = Main.storyboard;
			sourceTree = "<group>";
		};
/* End PBXVariantGroup section */

/* Begin XCBuildConfiguration section */
		393B7E492216FC71004B7DAD /* Debug */ = {
			isa = XCBuildConfiguration;
			buildSettings = {
				ALWAYS_SEARCH_USER_PATHS = NO;
				CLANG_ANALYZER_NONNULL = YES;
				CLANG_ANALYZER_NUMBER_OBJECT_CONVERSION = YES_AGGRESSIVE;
				CLANG_CXX_LANGUAGE_STANDARD = "gnu++14";
				CLANG_CXX_LIBRARY = "libc++";
				CLANG_ENABLE_MODULES = YES;
				CLANG_ENABLE_OBJC_ARC = YES;
				CLANG_ENABLE_OBJC_WEAK = YES;
				CLANG_WARN_BLOCK_CAPTURE_AUTORELEASING = YES;
				CLANG_WARN_BOOL_CONVERSION = YES;
				CLANG_WARN_COMMA = YES;
				CLANG_WARN_CONSTANT_CONVERSION = YES;
				CLANG_WARN_DEPRECATED_OBJC_IMPLEMENTATIONS = YES;
				CLANG_WARN_DIRECT_OBJC_ISA_USAGE = YES_ERROR;
				CLANG_WARN_DOCUMENTATION_COMMENTS = YES;
				CLANG_WARN_EMPTY_BODY = YES;
				CLANG_WARN_ENUM_CONVERSION = YES;
				CLANG_WARN_INFINITE_RECURSION = YES;
				CLANG_WARN_INT_CONVERSION = YES;
				CLANG_WARN_NON_LITERAL_NULL_CONVERSION = YES;
				CLANG_WARN_OBJC_IMPLICIT_RETAIN_SELF = YES;
				CLANG_WARN_OBJC_LITERAL_CONVERSION = YES;
				CLANG_WARN_OBJC_ROOT_CLASS = YES_ERROR;
				CLANG_WARN_RANGE_LOOP_ANALYSIS = YES;
				CLANG_WARN_STRICT_PROTOTYPES = YES;
				CLANG_WARN_SUSPICIOUS_MOVE = YES;
				CLANG_WARN_UNGUARDED_AVAILABILITY = YES_AGGRESSIVE;
				CLANG_WARN_UNREACHABLE_CODE = YES;
				CLANG_WARN__DUPLICATE_METHOD_MATCH = YES;
				CODE_SIGN_IDENTITY = "iPhone Developer";
				COPY_PHASE_STRIP = NO;
				DEBUG_INFORMATION_FORMAT = dwarf;
				ENABLE_STRICT_OBJC_MSGSEND = YES;
				ENABLE_TESTABILITY = YES;
				GCC_C_LANGUAGE_STANDARD = gnu11;
				GCC_DYNAMIC_NO_PIC = NO;
				GCC_NO_COMMON_BLOCKS = YES;
				GCC_OPTIMIZATION_LEVEL = 0;
				GCC_PREPROCESSOR_DEFINITIONS = (
					"DEBUG=1",
					"$(inherited)",
				);
				GCC_WARN_64_TO_32_BIT_CONVERSION = YES;
				GCC_WARN_ABOUT_RETURN_TYPE = YES_ERROR;
				GCC_WARN_UNDECLARED_SELECTOR = YES;
				GCC_WARN_UNINITIALIZED_AUTOS = YES_AGGRESSIVE;
				GCC_WARN_UNUSED_FUNCTION = YES;
				GCC_WARN_UNUSED_VARIABLE = YES;
				IPHONEOS_DEPLOYMENT_TARGET = 12.1;
				MTL_ENABLE_DEBUG_INFO = INCLUDE_SOURCE;
				MTL_FAST_MATH = YES;
				ONLY_ACTIVE_ARCH = YES;
				SDKROOT = iphoneos;
				SWIFT_ACTIVE_COMPILATION_CONDITIONS = DEBUG;
				SWIFT_OPTIMIZATION_LEVEL = "-Onone";
			};
			name = Debug;
		};
		393B7E4A2216FC71004B7DAD /* Release */ = {
			isa = XCBuildConfiguration;
			buildSettings = {
				ALWAYS_SEARCH_USER_PATHS = NO;
				CLANG_ANALYZER_NONNULL = YES;
				CLANG_ANALYZER_NUMBER_OBJECT_CONVERSION = YES_AGGRESSIVE;
				CLANG_CXX_LANGUAGE_STANDARD = "gnu++14";
				CLANG_CXX_LIBRARY = "libc++";
				CLANG_ENABLE_MODULES = YES;
				CLANG_ENABLE_OBJC_ARC = YES;
				CLANG_ENABLE_OBJC_WEAK = YES;
				CLANG_WARN_BLOCK_CAPTURE_AUTORELEASING = YES;
				CLANG_WARN_BOOL_CONVERSION = YES;
				CLANG_WARN_COMMA = YES;
				CLANG_WARN_CONSTANT_CONVERSION = YES;
				CLANG_WARN_DEPRECATED_OBJC_IMPLEMENTATIONS = YES;
				CLANG_WARN_DIRECT_OBJC_ISA_USAGE = YES_ERROR;
				CLANG_WARN_DOCUMENTATION_COMMENTS = YES;
				CLANG_WARN_EMPTY_BODY = YES;
				CLANG_WARN_ENUM_CONVERSION = YES;
				CLANG_WARN_INFINITE_RECURSION = YES;
				CLANG_WARN_INT_CONVERSION = YES;
				CLANG_WARN_NON_LITERAL_NULL_CONVERSION = YES;
				CLANG_WARN_OBJC_IMPLICIT_RETAIN_SELF = YES;
				CLANG_WARN_OBJC_LITERAL_CONVERSION = YES;
				CLANG_WARN_OBJC_ROOT_CLASS = YES_ERROR;
				CLANG_WARN_RANGE_LOOP_ANALYSIS = YES;
				CLANG_WARN_STRICT_PROTOTYPES = YES;
				CLANG_WARN_SUSPICIOUS_MOVE = YES;
				CLANG_WARN_UNGUARDED_AVAILABILITY = YES_AGGRESSIVE;
				CLANG_WARN_UNREACHABLE_CODE = YES;
				CLANG_WARN__DUPLICATE_METHOD_MATCH = YES;
				CODE_SIGN_IDENTITY = "iPhone Developer";
				COPY_PHASE_STRIP = NO;
				DEBUG_INFORMATION_FORMAT = "dwarf-with-dsym";
				ENABLE_NS_ASSERTIONS = NO;
				ENABLE_STRICT_OBJC_MSGSEND = YES;
				GCC_C_LANGUAGE_STANDARD = gnu11;
				GCC_NO_COMMON_BLOCKS = YES;
				GCC_WARN_64_TO_32_BIT_CONVERSION = YES;
				GCC_WARN_ABOUT_RETURN_TYPE = YES_ERROR;
				GCC_WARN_UNDECLARED_SELECTOR = YES;
				GCC_WARN_UNINITIALIZED_AUTOS = YES_AGGRESSIVE;
				GCC_WARN_UNUSED_FUNCTION = YES;
				GCC_WARN_UNUSED_VARIABLE = YES;
				IPHONEOS_DEPLOYMENT_TARGET = 12.1;
				MTL_ENABLE_DEBUG_INFO = NO;
				MTL_FAST_MATH = YES;
				SDKROOT = iphoneos;
				SWIFT_COMPILATION_MODE = wholemodule;
				SWIFT_OPTIMIZATION_LEVEL = "-O";
				VALIDATE_PRODUCT = YES;
			};
			name = Release;
		};
		393B7E4C2216FC71004B7DAD /* Debug */ = {
			isa = XCBuildConfiguration;
			baseConfigurationReference = A60EADEA7C46D66B212D36C1 /* Pods-Cartrack.debug.xcconfig */;
			buildSettings = {
				ASSETCATALOG_COMPILER_APPICON_NAME = AppIcon;
				CODE_SIGN_STYLE = Automatic;
				DEVELOPMENT_TEAM = 9AUL52JZ6T;
				INFOPLIST_FILE = Cartrack/Info.plist;
				LD_RUNPATH_SEARCH_PATHS = (
					"$(inherited)",
					"@executable_path/Frameworks",
				);
				PRODUCT_BUNDLE_IDENTIFIER = apsk.Cartrack;
				PRODUCT_NAME = "$(TARGET_NAME)";
				SWIFT_VERSION = 4.2;
				TARGETED_DEVICE_FAMILY = "1,2";
			};
			name = Debug;
		};
		393B7E4D2216FC71004B7DAD /* Release */ = {
			isa = XCBuildConfiguration;
			baseConfigurationReference = FE88381487CFFC9323600F9F /* Pods-Cartrack.release.xcconfig */;
			buildSettings = {
				ASSETCATALOG_COMPILER_APPICON_NAME = AppIcon;
				CODE_SIGN_STYLE = Automatic;
				DEVELOPMENT_TEAM = 9AUL52JZ6T;
				INFOPLIST_FILE = Cartrack/Info.plist;
				LD_RUNPATH_SEARCH_PATHS = (
					"$(inherited)",
					"@executable_path/Frameworks",
				);
				PRODUCT_BUNDLE_IDENTIFIER = apsk.Cartrack;
				PRODUCT_NAME = "$(TARGET_NAME)";
				SWIFT_VERSION = 4.2;
				TARGETED_DEVICE_FAMILY = "1,2";
			};
			name = Release;
		};
		393B7E4F2216FC71004B7DAD /* Debug */ = {
			isa = XCBuildConfiguration;
			baseConfigurationReference = 3FADA0EB76EB6B2139AED66D /* Pods-CartrackTests.debug.xcconfig */;
			buildSettings = {
				ALWAYS_EMBED_SWIFT_STANDARD_LIBRARIES = YES;
				BUNDLE_LOADER = "$(TEST_HOST)";
				CODE_SIGN_STYLE = Automatic;
				DEVELOPMENT_TEAM = 9AUL52JZ6T;
				INFOPLIST_FILE = CartrackTests/Info.plist;
				LD_RUNPATH_SEARCH_PATHS = (
					"$(inherited)",
					"@executable_path/Frameworks",
					"@loader_path/Frameworks",
				);
				PRODUCT_BUNDLE_IDENTIFIER = apsk.CartrackTests;
				PRODUCT_NAME = "$(TARGET_NAME)";
				SWIFT_VERSION = 4.2;
				TARGETED_DEVICE_FAMILY = "1,2";
				TEST_HOST = "$(BUILT_PRODUCTS_DIR)/Cartrack.app/Cartrack";
			};
			name = Debug;
		};
		393B7E502216FC71004B7DAD /* Release */ = {
			isa = XCBuildConfiguration;
			baseConfigurationReference = 7E06DD521617244A5C52FD04 /* Pods-CartrackTests.release.xcconfig */;
			buildSettings = {
				ALWAYS_EMBED_SWIFT_STANDARD_LIBRARIES = YES;
				BUNDLE_LOADER = "$(TEST_HOST)";
				CODE_SIGN_STYLE = Automatic;
				DEVELOPMENT_TEAM = 9AUL52JZ6T;
				INFOPLIST_FILE = CartrackTests/Info.plist;
				LD_RUNPATH_SEARCH_PATHS = (
					"$(inherited)",
					"@executable_path/Frameworks",
					"@loader_path/Frameworks",
				);
				PRODUCT_BUNDLE_IDENTIFIER = apsk.CartrackTests;
				PRODUCT_NAME = "$(TARGET_NAME)";
				SWIFT_VERSION = 4.2;
				TARGETED_DEVICE_FAMILY = "1,2";
				TEST_HOST = "$(BUILT_PRODUCTS_DIR)/Cartrack.app/Cartrack";
			};
			name = Release;
		};
		393B7E522216FC71004B7DAD /* Debug */ = {
			isa = XCBuildConfiguration;
			baseConfigurationReference = 79024C3BCE14EAC7C95D7BEC /* Pods-CartrackUITests.debug.xcconfig */;
			buildSettings = {
				ALWAYS_EMBED_SWIFT_STANDARD_LIBRARIES = YES;
				CODE_SIGN_STYLE = Automatic;
				DEVELOPMENT_TEAM = 9AUL52JZ6T;
				INFOPLIST_FILE = CartrackUITests/Info.plist;
				LD_RUNPATH_SEARCH_PATHS = (
					"$(inherited)",
					"@executable_path/Frameworks",
					"@loader_path/Frameworks",
				);
				PRODUCT_BUNDLE_IDENTIFIER = apsk.CartrackUITests;
				PRODUCT_NAME = "$(TARGET_NAME)";
				SWIFT_VERSION = 4.2;
				TARGETED_DEVICE_FAMILY = "1,2";
				TEST_TARGET_NAME = Cartrack;
			};
			name = Debug;
		};
		393B7E532216FC71004B7DAD /* Release */ = {
			isa = XCBuildConfiguration;
			baseConfigurationReference = 6F75C70873A939E8AEB404E7 /* Pods-CartrackUITests.release.xcconfig */;
			buildSettings = {
				ALWAYS_EMBED_SWIFT_STANDARD_LIBRARIES = YES;
				CODE_SIGN_STYLE = Automatic;
				DEVELOPMENT_TEAM = 9AUL52JZ6T;
				INFOPLIST_FILE = CartrackUITests/Info.plist;
				LD_RUNPATH_SEARCH_PATHS = (
					"$(inherited)",
					"@executable_path/Frameworks",
					"@loader_path/Frameworks",
				);
				PRODUCT_BUNDLE_IDENTIFIER = apsk.CartrackUITests;
				PRODUCT_NAME = "$(TARGET_NAME)";
				SWIFT_VERSION = 4.2;
				TARGETED_DEVICE_FAMILY = "1,2";
				TEST_TARGET_NAME = Cartrack;
			};
			name = Release;
		};
/* End XCBuildConfiguration section */

/* Begin XCConfigurationList section */
		393B7E1B2216FC70004B7DAD /* Build configuration list for PBXProject "Cartrack" */ = {
			isa = XCConfigurationList;
			buildConfigurations = (
				393B7E492216FC71004B7DAD /* Debug */,
				393B7E4A2216FC71004B7DAD /* Release */,
			);
			defaultConfigurationIsVisible = 0;
			defaultConfigurationName = Release;
		};
		393B7E4B2216FC71004B7DAD /* Build configuration list for PBXNativeTarget "Cartrack" */ = {
			isa = XCConfigurationList;
			buildConfigurations = (
				393B7E4C2216FC71004B7DAD /* Debug */,
				393B7E4D2216FC71004B7DAD /* Release */,
			);
			defaultConfigurationIsVisible = 0;
			defaultConfigurationName = Release;
		};
		393B7E4E2216FC71004B7DAD /* Build configuration list for PBXNativeTarget "CartrackTests" */ = {
			isa = XCConfigurationList;
			buildConfigurations = (
				393B7E4F2216FC71004B7DAD /* Debug */,
				393B7E502216FC71004B7DAD /* Release */,
			);
			defaultConfigurationIsVisible = 0;
			defaultConfigurationName = Release;
		};
		393B7E512216FC71004B7DAD /* Build configuration list for PBXNativeTarget "CartrackUITests" */ = {
			isa = XCConfigurationList;
			buildConfigurations = (
				393B7E522216FC71004B7DAD /* Debug */,
				393B7E532216FC71004B7DAD /* Release */,
			);
			defaultConfigurationIsVisible = 0;
			defaultConfigurationName = Release;
		};
/* End XCConfigurationList section */

/* Begin XCVersionGroup section */
		393B7E6D2216FE42004B7DAD /* Cartrack.xcdatamodeld */ = {
			isa = XCVersionGroup;
			children = (
				393B7E6E2216FE42004B7DAD /* Cartrack.xcdatamodel */,
			);
			currentVersion = 393B7E6E2216FE42004B7DAD /* Cartrack.xcdatamodel */;
			path = Cartrack.xcdatamodeld;
			sourceTree = "<group>";
			versionGroupType = wrapper.xcdatamodel;
		};
/* End XCVersionGroup section */
	};
	rootObject = 393B7E182216FC70004B7DAD /* Project object */;
}
